
Microsoft Visual Studio Solution File, Format Version 12.00
# Visual Studio 15
VisualStudioVersion = 15.0.27004.2005
MinimumVisualStudioVersion = 10.0.40219.1
Project("{8BC9CEB8-8B4A-11D0-8D11-00A0C91BC942}") = "FolderSynchronisation", "FolderSynchronisation\FolderSynchronisation.vcxproj", "{AEA967B3-BE3F-4F60-A521-F37499DA3FBD}"
EndProject
Global
	GlobalSection(SolutionConfigurationPlatforms) = preSolution
		Debug|x64 = Debug|x64
		Debug|x86 = Debug|x86
		Release|x64 = Release|x64
		Release|x86 = Release|x86
	EndGlobalSection
	GlobalSection(ProjectConfigurationPlatforms) = postSolution
		{AEA967B3-BE3F-4F60-A521-F37499DA3FBD}.Debug|x64.ActiveCfg = Debug|x64
		{AEA967B3-BE3F-4F60-A521-F37499DA3FBD}.Debug|x64.Build.0 = Debug|x64
		{AEA967B3-BE3F-4F60-A521-F37499DA3FBD}.Debug|x86.ActiveCfg = Debug|Win32
		{AEA967B3-BE3F-4F60-A521-F37499DA3FBD}.Debug|x86.Build.0 = Debug|Win32
		{AEA967B3-BE3F-4F60-A521-F37499DA3FBD}.Release|x64.ActiveCfg = Release|x64
		{AEA967B3-BE3F-4F60-A521-F37499DA3FBD}.Release|x64.Build.0 = Release|x64
		{AEA967B3-BE3F-4F60-A521-F37499DA3FBD}.Release|x86.ActiveCfg = Release|Win32
		{AEA967B3-BE3F-4F60-A521-F37499DA3FBD}.Release|x86.Build.0 = Release|Win32
	EndGlobalSection
	GlobalSection(SolutionProperties) = preSolution
		HideSolutionNode = FALSE
	EndGlobalSection
	GlobalSection(ExtensibilityGlobals) = postSolution
		SolutionGuid = {4B4F8435-7CA8-49A7-8760-44177B8E249F}
	EndGlobalSection
EndGlobal
